{
  "name": "@dotrino/identity",
  "version": "0.17.0",
  "lockfileVersion": 3,
  "requires": true,
  "packages": {
    "": {
      "name": "@dotrino/identity",
      "version": "0.17.0",
      "license": "MIT",
      "dependencies": {
        "@dotrino/proxy-client": "0.6.3"
      },
      "devDependencies": {
        "fake-indexeddb": "^6.2.5"
      }
    },
    "node_modules/@dotrino/proxy-client": {
      "version": "0.6.3",
      "resolved": "https://registry.npmjs.org/@dotrino/proxy-client/-/proxy-client-0.6.3.tgz",
      "integrity": "sha512-GXl2yjK8Hs5oYrhNSeYAnteKHR/sanQnQcJl2Re0Bh0nj0NNI+Fgl8NW9Tanjf5X9sm6Vun+J6HYCxrjsWFL0Q==",
      "license": "MIT"
    },
    "node_modules/fake-indexeddb": {
      "version": "6.2.5",
      "resolved": "https://registry.npmjs.org/fake-indexeddb/-/fake-indexeddb-6.2.5.tgz",
      "integrity": "sha512-CGnyrvbhPlWYMngksqrSSUT1BAVP49dZocrHuK0SvtR0D5TMs5wP0o3j7jexDJW01KSadjBp1M/71o/KR3nD1w==",
      "dev": true,
      "license": "Apache-2.0",
      "engines": {
        "node": ">=18"
      }
    }
  }
}
